
Microsoft Visual Studio Solution File, Format Version 12.00
# Visual Studio Version 17
VisualStudioVersion = 17.13.35825.156 d17.13
MinimumVisualStudioVersion = 10.0.40219.1
Project("{FAE04EC0-301F-11D3-BF4B-00C04F79EFBC}") = "profundidad", "profundidad\profundidad.csproj", "{CE7103BD-2729-4F2D-AFE6-292B26D6E1CE}"
EndProject
Project("{FAE04EC0-301F-11D3-BF4B-00C04F79EFBC}") = "Nuevo", "Nuevo\Nuevo.csproj", "{696B18CC-739E-484B-99E3-1F9557F271C7}"
EndProject
Global
	GlobalSection(SolutionConfigurationPlatforms) = preSolution
		Debug|Any CPU = Debug|Any CPU
		Release|Any CPU = Release|Any CPU
	EndGlobalSection
	GlobalSection(ProjectConfigurationPlatforms) = postSolution
		{CE7103BD-2729-4F2D-AFE6-292B26D6E1CE}.Debug|Any CPU.ActiveCfg = Debug|Any CPU
		{CE7103BD-2729-4F2D-AFE6-292B26D6E1CE}.Debug|Any CPU.Build.0 = Debug|Any CPU
		{CE7103BD-2729-4F2D-AFE6-292B26D6E1CE}.Release|Any CPU.ActiveCfg = Release|Any CPU
		{CE7103BD-2729-4F2D-AFE6-292B26D6E1CE}.Release|Any CPU.Build.0 = Release|Any CPU
		{696B18CC-739E-484B-99E3-1F9557F271C7}.Debug|Any CPU.ActiveCfg = Debug|Any CPU
		{696B18CC-739E-484B-99E3-1F9557F271C7}.Debug|Any CPU.Build.0 = Debug|Any CPU
		{696B18CC-739E-484B-99E3-1F9557F271C7}.Release|Any CPU.ActiveCfg = Release|Any CPU
		{696B18CC-739E-484B-99E3-1F9557F271C7}.Release|Any CPU.Build.0 = Release|Any CPU
	EndGlobalSection
	GlobalSection(SolutionProperties) = preSolution
		HideSolutionNode = FALSE
	EndGlobalSection
	GlobalSection(ExtensibilityGlobals) = postSolution
		SolutionGuid = {24753AFF-4AE2-4357-B32B-8704D00CE6AF}
	EndGlobalSection
EndGlobal
